// !$*UTF8*$!
{
	archiveVersion = 1;
	classes = {
	};
	objectVersion = 50;
	objects = {

/* Begin PBXBuildFile section */
		EB18F2232890426B00E76750 /* CouponListTableViewController.m in Sources */ = {isa = PBXBuildFile; fileRef = EB18F2222890426B00E76750 /* CouponListTableViewController.m */; };
		EB18F22928904D3700E76750 /* AddCouponViewController.m in Sources */ = {isa = PBXBuildFile; fileRef = EB18F22828904D3700E76750 /* AddCouponViewController.m */; };
		EB4B567C288ECBB30081C977 /* Coupon.m in Sources */ = {isa = PBXBuildFile; fileRef = EB4B567B288ECBB30081C977 /* Coupon.m */; };
		EB8CE6CA288FD84D007D4486 /* CouponList.m in Sources */ = {isa = PBXBuildFile; fileRef = EB8CE6C9288FD84D007D4486 /* CouponList.m */; };
		EBB2E1B8288EC261008D5681 /* AppDelegate.m in Sources */ = {isa = PBXBuildFile; fileRef = EBB2E1B7288EC261008D5681 /* AppDelegate.m */; };
		EBB2E1BB288EC261008D5681 /* SceneDelegate.m in Sources */ = {isa = PBXBuildFile; fileRef = EBB2E1BA288EC261008D5681 /* SceneDelegate.m */; };
		EBB2E1C1288EC261008D5681 /* Main.storyboard in Resources */ = {isa = PBXBuildFile; fileRef = EBB2E1BF288EC261008D5681 /* Main.storyboard */; };
		EBB2E1C3288EC266008D5681 /* Assets.xcassets in Resources */ = {isa = PBXBuildFile; fileRef = EBB2E1C2288EC266008D5681 /* Assets.xcassets */; };
		EBB2E1C6288EC266008D5681 /* LaunchScreen.storyboard in Resources */ = {isa = PBXBuildFile; fileRef = EBB2E1C4288EC266008D5681 /* LaunchScreen.storyboard */; };
		EBB2E1C9288EC266008D5681 /* main.m in Sources */ = {isa = PBXBuildFile; fileRef = EBB2E1C8288EC266008D5681 /* main.m */; };
/* End PBXBuildFile section */

/* Begin PBXFileReference section */
		EB18F2212890426B00E76750 /* CouponListTableViewController.h */ = {isa = PBXFileReference; lastKnownFileType = sourcecode.c.h; path = CouponListTableViewController.h; sourceTree = "<group>"; };
		EB18F2222890426B00E76750 /* CouponListTableViewController.m */ = {isa = PBXFileReference; lastKnownFileType = sourcecode.c.objc; path = CouponListTableViewController.m; sourceTree = "<group>"; };
		EB18F22728904D3700E76750 /* AddCouponViewController.h */ = {isa = PBXFileReference; lastKnownFileType = sourcecode.c.h; path = AddCouponViewController.h; sourceTree = "<group>"; };
		EB18F22828904D3700E76750 /* AddCouponViewController.m */ = {isa = PBXFileReference; lastKnownFileType = sourcecode.c.objc; path = AddCouponViewController.m; sourceTree = "<group>"; };
		EB4B567A288ECBB30081C977 /* Coupon.h */ = {isa = PBXFileReference; lastKnownFileType = sourcecode.c.h; path = Coupon.h; sourceTree = "<group>"; };
		EB4B567B288ECBB30081C977 /* Coupon.m */ = {isa = PBXFileReference; lastKnownFileType = sourcecode.c.objc; path = Coupon.m; sourceTree = "<group>"; };
		EB8CE6C8288FD84D007D4486 /* CouponList.h */ = {isa = PBXFileReference; lastKnownFileType = sourcecode.c.h; path = CouponList.h; sourceTree = "<group>"; };
		EB8CE6C9288FD84D007D4486 /* CouponList.m */ = {isa = PBXFileReference; lastKnownFileType = sourcecode.c.objc; path = CouponList.m; sourceTree = "<group>"; };
		EBB2E1B3288EC261008D5681 /* MyCoupons.app */ = {isa = PBXFileReference; explicitFileType = wrapper.application; includeInIndex = 0; path = MyCoupons.app; sourceTree = BUILT_PRODUCTS_DIR; };
		EBB2E1B6288EC261008D5681 /* AppDelegate.h */ = {isa = PBXFileReference; lastKnownFileType = sourcecode.c.h; path = AppDelegate.h; sourceTree = "<group>"; };
		EBB2E1B7288EC261008D5681 /* AppDelegate.m */ = {isa = PBXFileReference; lastKnownFileType = sourcecode.c.objc; path = AppDelegate.m; sourceTree = "<group>"; };
		EBB2E1B9288EC261008D5681 /* SceneDelegate.h */ = {isa = PBXFileReference; lastKnownFileType = sourcecode.c.h; path = SceneDelegate.h; sourceTree = "<group>"; };
		EBB2E1BA288EC261008D5681 /* SceneDelegate.m */ = {isa = PBXFileReference; lastKnownFileType = sourcecode.c.objc; path = SceneDelegate.m; sourceTree = "<group>"; };
		EBB2E1C0288EC261008D5681 /* Base */ = {isa = PBXFileReference; lastKnownFileType = file.storyboard; name = Base; path = Base.lproj/Main.storyboard; sourceTree = "<group>"; };
		EBB2E1C2288EC266008D5681 /* Assets.xcassets */ = {isa = PBXFileReference; lastKnownFileType = folder.assetcatalog; path = Assets.xcassets; sourceTree = "<group>"; };
		EBB2E1C5288EC266008D5681 /* Base */ = {isa = PBXFileReference; lastKnownFileType = file.storyboard; name = Base; path = Base.lproj/LaunchScreen.storyboard; sourceTree = "<group>"; };
		EBB2E1C7288EC266008D5681 /* Info.plist */ = {isa = PBXFileReference; lastKnownFileType = text.plist.xml; path = Info.plist; sourceTree = "<group>"; };
		EBB2E1C8288EC266008D5681 /* main.m */ = {isa = PBXFileReference; lastKnownFileType = sourcecode.c.objc; path = main.m; sourceTree = "<group>"; };
/* End PBXFileReference section */

/* Begin PBXFrameworksBuildPhase section */
		EBB2E1B0288EC261008D5681 /* Frameworks */ = {
			isa = PBXFrameworksBuildPhase;
			buildActionMask = 2147483647;
			files = (
			);
			runOnlyForDeploymentPostprocessing = 0;
		};
/* End PBXFrameworksBuildPhase section */

/* Begin PBXGroup section */
		EB4B567D288ECBBD0081C977 /* Model */ = {
			isa = PBXGroup;
			children = (
				EB4B567A288ECBB30081C977 /* Coupon.h */,
				EB4B567B288ECBB30081C977 /* Coupon.m */,
				EB8CE6C8288FD84D007D4486 /* CouponList.h */,
				EB8CE6C9288FD84D007D4486 /* CouponList.m */,
			);
			path = Model;
			sourceTree = "<group>";
		};
		EBB2E1AA288EC261008D5681 = {
			isa = PBXGroup;
			children = (
				EBB2E1B5288EC261008D5681 /* MyCoupons */,
				EBB2E1B4288EC261008D5681 /* Products */,
			);
			sourceTree = "<group>";
		};
		EBB2E1B4288EC261008D5681 /* Products */ = {
			isa = PBXGroup;
			children = (
				EBB2E1B3288EC261008D5681 /* MyCoupons.app */,
			);
			name = Products;
			sourceTree = "<group>";
		};
		EBB2E1B5288EC261008D5681 /* MyCoupons */ = {
			isa = PBXGroup;
			children = (
				EBB2E1B6288EC261008D5681 /* AppDelegate.h */,
				EBB2E1B7288EC261008D5681 /* AppDelegate.m */,
				EBB2E1B9288EC261008D5681 /* SceneDelegate.h */,
				EBB2E1BA288EC261008D5681 /* SceneDelegate.m */,
				EBB2E1BF288EC261008D5681 /* Main.storyboard */,
				EBB2E1C2288EC266008D5681 /* Assets.xcassets */,
				EBB2E1C4288EC266008D5681 /* LaunchScreen.storyboard */,
				EBB2E1C7288EC266008D5681 /* Info.plist */,
				EBB2E1C8288EC266008D5681 /* main.m */,
				EB4B567D288ECBBD0081C977 /* Model */,
				EB18F2212890426B00E76750 /* CouponListTableViewController.h */,
				EB18F2222890426B00E76750 /* CouponListTableViewController.m */,
				EB18F22728904D3700E76750 /* AddCouponViewController.h */,
				EB18F22828904D3700E76750 /* AddCouponViewController.m */,
			);
			path = MyCoupons;
			sourceTree = "<group>";
		};
/* End PBXGroup section */

/* Begin PBXNativeTarget section */
		EBB2E1B2288EC261008D5681 /* MyCoupons */ = {
			isa = PBXNativeTarget;
			buildConfigurationList = EBB2E1CC288EC266008D5681 /* Build configuration list for PBXNativeTarget "MyCoupons" */;
			buildPhases = (
				EBB2E1AF288EC261008D5681 /* Sources */,
				EBB2E1B0288EC261008D5681 /* Frameworks */,
				EBB2E1B1288EC261008D5681 /* Resources */,
			);
			buildRules = (
			);
			dependencies = (
			);
			name = MyCoupons;
			productName = MyCoupons;
			productReference = EBB2E1B3288EC261008D5681 /* MyCoupons.app */;
			productType = "com.apple.product-type.application";
		};
/* End PBXNativeTarget section */

/* Begin PBXProject section */
		EBB2E1AB288EC261008D5681 /* Project object */ = {
			isa = PBXProject;
			attributes = {
				LastUpgradeCheck = 1170;
				ORGANIZATIONNAME = "Federico Ghelfi";
				TargetAttributes = {
					EBB2E1B2288EC261008D5681 = {
						CreatedOnToolsVersion = 11.7;
					};
				};
			};
			buildConfigurationList = EBB2E1AE288EC261008D5681 /* Build configuration list for PBXProject "MyCoupons" */;
			compatibilityVersion = "Xcode 9.3";
			developmentRegion = en;
			hasScannedForEncodings = 0;
			knownRegions = (
				en,
				Base,
			);
			mainGroup = EBB2E1AA288EC261008D5681;
			productRefGroup = EBB2E1B4288EC261008D5681 /* Products */;
			projectDirPath = "";
			projectRoot = "";
			targets = (
				EBB2E1B2288EC261008D5681 /* MyCoupons */,
			);
		};
/* End PBXProject section */

/* Begin PBXResourcesBuildPhase section */
		EBB2E1B1288EC261008D5681 /* Resources */ = {
			isa = PBXResourcesBuildPhase;
			buildActionMask = 2147483647;
			files = (
				EBB2E1C6288EC266008D5681 /* LaunchScreen.storyboard in Resources */,
				EBB2E1C3288EC266008D5681 /* Assets.xcassets in Resources */,
				EBB2E1C1288EC261008D5681 /* Main.storyboard in Resources */,
			);
			runOnlyForDeploymentPostprocessing = 0;
		};
/* End PBXResourcesBuildPhase section */

/* Begin PBXSourcesBuildPhase section */
		EBB2E1AF288EC261008D5681 /* Sources */ = {
			isa = PBXSourcesBuildPhase;
			buildActionMask = 2147483647;
			files = (
				EBB2E1B8288EC261008D5681 /* AppDelegate.m in Sources */,
				EB18F2232890426B00E76750 /* CouponListTableViewController.m in Sources */,
				EB4B567C288ECBB30081C977 /* Coupon.m in Sources */,
				EBB2E1C9288EC266008D5681 /* main.m in Sources */,
				EB18F22928904D3700E76750 /* AddCouponViewController.m in Sources */,
				EBB2E1BB288EC261008D5681 /* SceneDelegate.m in Sources */,
				EB8CE6CA288FD84D007D4486 /* CouponList.m in Sources */,
			);
			runOnlyForDeploymentPostprocessing = 0;
		};
/* End PBXSourcesBuildPhase section */

/* Begin PBXVariantGroup section */
		EBB2E1BF288EC261008D5681 /* Main.storyboard */ = {
			isa = PBXVariantGroup;
			children = (
				EBB2E1C0288EC261008D5681 /* Base */,
			);
			name = Main.storyboard;
			sourceTree = "<group>";
		};
		EBB2E1C4288EC266008D5681 /* LaunchScreen.storyboard */ = {
			isa = PBXVariantGroup;
			children = (
				EBB2E1C5288EC266008D5681 /* Base */,
			);
			name = LaunchScreen.storyboard;
			sourceTree = "<group>";
		};
/* End PBXVariantGroup section */

/* Begin XCBuildConfiguration section */
		EBB2E1CA288EC266008D5681 /* Debug */ = {
			isa = XCBuildConfiguration;
			buildSettings = {
				ALWAYS_SEARCH_USER_PATHS = NO;
				CLANG_ANALYZER_NONNULL = YES;
				CLANG_ANALYZER_NUMBER_OBJECT_CONVERSION = YES_AGGRESSIVE;
				CLANG_CXX_LANGUAGE_STANDARD = "gnu++14";
				CLANG_CXX_LIBRARY = "libc++";
				CLANG_ENABLE_MODULES = YES;
				CLANG_ENABLE_OBJC_ARC = YES;
				CLANG_ENABLE_OBJC_WEAK = YES;
				CLANG_WARN_BLOCK_CAPTURE_AUTORELEASING = YES;
				CLANG_WARN_BOOL_CONVERSION = YES;
				CLANG_WARN_COMMA = YES;
				CLANG_WARN_CONSTANT_CONVERSION = YES;
				CLANG_WARN_DEPRECATED_OBJC_IMPLEMENTATIONS = YES;
				CLANG_WARN_DIRECT_OBJC_ISA_USAGE = YES_ERROR;
				CLANG_WARN_DOCUMENTATION_COMMENTS = YES;
				CLANG_WARN_EMPTY_BODY = YES;
				CLANG_WARN_ENUM_CONVERSION = YES;
				CLANG_WARN_INFINITE_RECURSION = YES;
				CLANG_WARN_INT_CONVERSION = YES;
				CLANG_WARN_NON_LITERAL_NULL_CONVERSION = YES;
				CLANG_WARN_OBJC_IMPLICIT_RETAIN_SELF = YES;
				CLANG_WARN_OBJC_LITERAL_CONVERSION = YES;
				CLANG_WARN_OBJC_ROOT_CLASS = YES_ERROR;
				CLANG_WARN_RANGE_LOOP_ANALYSIS = YES;
				CLANG_WARN_STRICT_PROTOTYPES = YES;
				CLANG_WARN_SUSPICIOUS_MOVE = YES;
				CLANG_WARN_UNGUARDED_AVAILABILITY = YES_AGGRESSIVE;
				CLANG_WARN_UNREACHABLE_CODE = YES;
				CLANG_WARN__DUPLICATE_METHOD_MATCH = YES;
				COPY_PHASE_STRIP = NO;
				DEBUG_INFORMATION_FORMAT = dwarf;
				ENABLE_STRICT_OBJC_MSGSEND = YES;
				ENABLE_TESTABILITY = YES;
				GCC_C_LANGUAGE_STANDARD = gnu11;
				GCC_DYNAMIC_NO_PIC = NO;
				GCC_NO_COMMON_BLOCKS = YES;
				GCC_OPTIMIZATION_LEVEL = 0;
				GCC_PREPROCESSOR_DEFINITIONS = (
					"DEBUG=1",
					"$(inherited)",
				);
				GCC_WARN_64_TO_32_BIT_CONVERSION = YES;
				GCC_WARN_ABOUT_RETURN_TYPE = YES_ERROR;
				GCC_WARN_UNDECLARED_SELECTOR = YES;
				GCC_WARN_UNINITIALIZED_AUTOS = YES_AGGRESSIVE;
				GCC_WARN_UNUSED_FUNCTION = YES;
				GCC_WARN_UNUSED_VARIABLE = YES;
				IPHONEOS_DEPLOYMENT_TARGET = 13.7;
				MTL_ENABLE_DEBUG_INFO = INCLUDE_SOURCE;
				MTL_FAST_MATH = YES;
				ONLY_ACTIVE_ARCH = YES;
				SDKROOT = iphoneos;
			};
			name = Debug;
		};
		EBB2E1CB288EC266008D5681 /* Release */ = {
			isa = XCBuildConfiguration;
			buildSettings = {
				ALWAYS_SEARCH_USER_PATHS = NO;
				CLANG_ANALYZER_NONNULL = YES;
				CLANG_ANALYZER_NUMBER_OBJECT_CONVERSION = YES_AGGRESSIVE;
				CLANG_CXX_LANGUAGE_STANDARD = "gnu++14";
				CLANG_CXX_LIBRARY = "libc++";
				CLANG_ENABLE_MODULES = YES;
				CLANG_ENABLE_OBJC_ARC = YES;
				CLANG_ENABLE_OBJC_WEAK = YES;
				CLANG_WARN_BLOCK_CAPTURE_AUTORELEASING = YES;
				CLANG_WARN_BOOL_CONVERSION = YES;
				CLANG_WARN_COMMA = YES;
				CLANG_WARN_CONSTANT_CONVERSION = YES;
				CLANG_WARN_DEPRECATED_OBJC_IMPLEMENTATIONS = YES;
				CLANG_WARN_DIRECT_OBJC_ISA_USAGE = YES_ERROR;
				CLANG_WARN_DOCUMENTATION_COMMENTS = YES;
				CLANG_WARN_EMPTY_BODY = YES;
				CLANG_WARN_ENUM_CONVERSION = YES;
				CLANG_WARN_INFINITE_RECURSION = YES;
				CLANG_WARN_INT_CONVERSION = YES;
				CLANG_WARN_NON_LITERAL_NULL_CONVERSION = YES;
				CLANG_WARN_OBJC_IMPLICIT_RETAIN_SELF = YES;
				CLANG_WARN_OBJC_LITERAL_CONVERSION = YES;
				CLANG_WARN_OBJC_ROOT_CLASS = YES_ERROR;
				CLANG_WARN_RANGE_LOOP_ANALYSIS = YES;
				CLANG_WARN_STRICT_PROTOTYPES = YES;
				CLANG_WARN_SUSPICIOUS_MOVE = YES;
				CLANG_WARN_UNGUARDED_AVAILABILITY = YES_AGGRESSIVE;
				CLANG_WARN_UNREACHABLE_CODE = YES;
				CLANG_WARN__DUPLICATE_METHOD_MATCH = YES;
				COPY_PHASE_STRIP = NO;
				DEBUG_INFORMATION_FORMAT = "dwarf-with-dsym";
				ENABLE_NS_ASSERTIONS = NO;
				ENABLE_STRICT_OBJC_MSGSEND = YES;
				GCC_C_LANGUAGE_STANDARD = gnu11;
				GCC_NO_COMMON_BLOCKS = YES;
				GCC_WARN_64_TO_32_BIT_CONVERSION = YES;
				GCC_WARN_ABOUT_RETURN_TYPE = YES_ERROR;
				GCC_WARN_UNDECLARED_SELECTOR = YES;
				GCC_WARN_UNINITIALIZED_AUTOS = YES_AGGRESSIVE;
				GCC_WARN_UNUSED_FUNCTION = YES;
				GCC_WARN_UNUSED_VARIABLE = YES;
				IPHONEOS_DEPLOYMENT_TARGET = 13.7;
				MTL_ENABLE_DEBUG_INFO = NO;
				MTL_FAST_MATH = YES;
				SDKROOT = iphoneos;
				VALIDATE_PRODUCT = YES;
			};
			name = Release;
		};
		EBB2E1CD288EC266008D5681 /* Debug */ = {
			isa = XCBuildConfiguration;
			buildSettings = {
				ASSETCATALOG_COMPILER_APPICON_NAME = AppIcon;
				CODE_SIGN_STYLE = Automatic;
				DEVELOPMENT_TEAM = Y3GLJB2287;
				INFOPLIST_FILE = MyCoupons/Info.plist;
				IPHONEOS_DEPLOYMENT_TARGET = 12.4;
				LD_RUNPATH_SEARCH_PATHS = (
					"$(inherited)",
					"@executable_path/Frameworks",
				);
				PRODUCT_BUNDLE_IDENTIFIER = fedeg.MyCoupons;
				PRODUCT_NAME = "$(TARGET_NAME)";
				TARGETED_DEVICE_FAMILY = "1,2";
			};
			name = Debug;
		};
		EBB2E1CE288EC266008D5681 /* Release */ = {
			isa = XCBuildConfiguration;
			buildSettings = {
				ASSETCATALOG_COMPILER_APPICON_NAME = AppIcon;
				CODE_SIGN_STYLE = Automatic;
				DEVELOPMENT_TEAM = Y3GLJB2287;
				INFOPLIST_FILE = MyCoupons/Info.plist;
				IPHONEOS_DEPLOYMENT_TARGET = 12.4;
				LD_RUNPATH_SEARCH_PATHS = (
					"$(inherited)",
					"@executable_path/Frameworks",
				);
				PRODUCT_BUNDLE_IDENTIFIER = fedeg.MyCoupons;
				PRODUCT_NAME = "$(TARGET_NAME)";
				TARGETED_DEVICE_FAMILY = "1,2";
			};
			name = Release;
		};
/* End XCBuildConfiguration section */

/* Begin XCConfigurationList section */
		EBB2E1AE288EC261008D5681 /* Build configuration list for PBXProject "MyCoupons" */ = {
			isa = XCConfigurationList;
			buildConfigurations = (
				EBB2E1CA288EC266008D5681 /* Debug */,
				EBB2E1CB288EC266008D5681 /* Release */,
			);
			defaultConfigurationIsVisible = 0;
			defaultConfigurationName = Release;
		};
		EBB2E1CC288EC266008D5681 /* Build configuration list for PBXNativeTarget "MyCoupons" */ = {
			isa = XCConfigurationList;
			buildConfigurations = (
				EBB2E1CD288EC266008D5681 /* Debug */,
				EBB2E1CE288EC266008D5681 /* Release */,
			);
			defaultConfigurationIsVisible = 0;
			defaultConfigurationName = Release;
		};
/* End XCConfigurationList section */
	};
	rootObject = EBB2E1AB288EC261008D5681 /* Project object */;
}
